
Microsoft Visual Studio Solution File, Format Version 12.00
# Visual Studio Version 17
VisualStudioVersion = 17.11.35312.102
MinimumVisualStudioVersion = 10.0.40219.1
Project("{9A19103F-16F7-4668-BE54-9A1E7A4F7556}") = "KeyPulse", "KeyPulse.csproj", "{7F38B48C-B0EB-4F3B-AF58-3C7B31DC703E}"
EndProject
Project("{FAE04EC0-301F-11D3-BF4B-00C04F79EFBC}") = "KeyPulse.Tests", "KeyPulse.Tests\KeyPulse.Tests.csproj", "{9ADE5CC8-BA93-4A4A-A9FE-2D99E38AF56D}"
EndProject
Global
	GlobalSection(SolutionConfigurationPlatforms) = preSolution
		Debug|Any CPU = Debug|Any CPU
		Debug|x64 = Debug|x64
		Debug|x86 = Debug|x86
		Release|Any CPU = Release|Any CPU
		Release|x64 = Release|x64
		Release|x86 = Release|x86
	EndGlobalSection
	GlobalSection(ProjectConfigurationPlatforms) = postSolution
		{7F38B48C-B0EB-4F3B-AF58-3C7B31DC703E}.Debug|Any CPU.ActiveCfg = Debug|Any CPU
		{7F38B48C-B0EB-4F3B-AF58-3C7B31DC703E}.Debug|Any CPU.Build.0 = Debug|Any CPU
		{7F38B48C-B0EB-4F3B-AF58-3C7B31DC703E}.Debug|x64.ActiveCfg = Debug|Any CPU
		{7F38B48C-B0EB-4F3B-AF58-3C7B31DC703E}.Debug|x64.Build.0 = Debug|Any CPU
		{7F38B48C-B0EB-4F3B-AF58-3C7B31DC703E}.Debug|x86.ActiveCfg = Debug|Any CPU
		{7F38B48C-B0EB-4F3B-AF58-3C7B31DC703E}.Debug|x86.Build.0 = Debug|Any CPU
		{7F38B48C-B0EB-4F3B-AF58-3C7B31DC703E}.Release|Any CPU.ActiveCfg = Release|Any CPU
		{7F38B48C-B0EB-4F3B-AF58-3C7B31DC703E}.Release|Any CPU.Build.0 = Release|Any CPU
		{7F38B48C-B0EB-4F3B-AF58-3C7B31DC703E}.Release|x64.ActiveCfg = Release|Any CPU
		{7F38B48C-B0EB-4F3B-AF58-3C7B31DC703E}.Release|x64.Build.0 = Release|Any CPU
		{7F38B48C-B0EB-4F3B-AF58-3C7B31DC703E}.Release|x86.ActiveCfg = Release|Any CPU
		{7F38B48C-B0EB-4F3B-AF58-3C7B31DC703E}.Release|x86.Build.0 = Release|Any CPU
		{9ADE5CC8-BA93-4A4A-A9FE-2D99E38AF56D}.Debug|Any CPU.ActiveCfg = Debug|Any CPU
		{9ADE5CC8-BA93-4A4A-A9FE-2D99E38AF56D}.Debug|Any CPU.Build.0 = Debug|Any CPU
		{9ADE5CC8-BA93-4A4A-A9FE-2D99E38AF56D}.Debug|x64.ActiveCfg = Debug|Any CPU
		{9ADE5CC8-BA93-4A4A-A9FE-2D99E38AF56D}.Debug|x64.Build.0 = Debug|Any CPU
		{9ADE5CC8-BA93-4A4A-A9FE-2D99E38AF56D}.Debug|x86.ActiveCfg = Debug|Any CPU
		{9ADE5CC8-BA93-4A4A-A9FE-2D99E38AF56D}.Debug|x86.Build.0 = Debug|Any CPU
		{9ADE5CC8-BA93-4A4A-A9FE-2D99E38AF56D}.Release|Any CPU.ActiveCfg = Release|Any CPU
		{9ADE5CC8-BA93-4A4A-A9FE-2D99E38AF56D}.Release|Any CPU.Build.0 = Release|Any CPU
		{9ADE5CC8-BA93-4A4A-A9FE-2D99E38AF56D}.Release|x64.ActiveCfg = Release|Any CPU
		{9ADE5CC8-BA93-4A4A-A9FE-2D99E38AF56D}.Release|x64.Build.0 = Release|Any CPU
		{9ADE5CC8-BA93-4A4A-A9FE-2D99E38AF56D}.Release|x86.ActiveCfg = Release|Any CPU
		{9ADE5CC8-BA93-4A4A-A9FE-2D99E38AF56D}.Release|x86.Build.0 = Release|Any CPU
	EndGlobalSection
	GlobalSection(SolutionProperties) = preSolution
		HideSolutionNode = FALSE
	EndGlobalSection
	GlobalSection(ExtensibilityGlobals) = postSolution
		SolutionGuid = {70002B1B-A885-4C49-B7C2-61B47A93FCF1}
	EndGlobalSection
EndGlobal
